
Microsoft Visual Studio Solution File, Format Version 12.00
# Visual Studio Version 17
VisualStudioVersion = 17.5.33414.496
MinimumVisualStudioVersion = 10.0.40219.1
Project("{FAE04EC0-301F-11D3-BF4B-00C04F79EFBC}") = "DP.Lab8.Code", "DP.Lab8.Code\DP.Lab8.Code.csproj", "{816F5EAA-0517-40D4-8402-76C746CB2313}"
EndProject
Project("{FAE04EC0-301F-11D3-BF4B-00C04F79EFBC}") = "DP.Lab8.Tests", "DP.Lab8.Tests\DP.Lab8.Tests.csproj", "{A3B4D1A2-9816-43E2-848D-AED334D40AD3}"
EndProject
Global
	GlobalSection(SolutionConfigurationPlatforms) = preSolution
		Debug|Any CPU = Debug|Any CPU
		Release|Any CPU = Release|Any CPU
	EndGlobalSection
	GlobalSection(ProjectConfigurationPlatforms) = postSolution
		{816F5EAA-0517-40D4-8402-76C746CB2313}.Debug|Any CPU.ActiveCfg = Debug|Any CPU
		{816F5EAA-0517-40D4-8402-76C746CB2313}.Debug|Any CPU.Build.0 = Debug|Any CPU
		{816F5EAA-0517-40D4-8402-76C746CB2313}.Release|Any CPU.ActiveCfg = Release|Any CPU
		{816F5EAA-0517-40D4-8402-76C746CB2313}.Release|Any CPU.Build.0 = Release|Any CPU
		{A3B4D1A2-9816-43E2-848D-AED334D40AD3}.Debug|Any CPU.ActiveCfg = Debug|Any CPU
		{A3B4D1A2-9816-43E2-848D-AED334D40AD3}.Debug|Any CPU.Build.0 = Debug|Any CPU
		{A3B4D1A2-9816-43E2-848D-AED334D40AD3}.Release|Any CPU.ActiveCfg = Release|Any CPU
		{A3B4D1A2-9816-43E2-848D-AED334D40AD3}.Release|Any CPU.Build.0 = Release|Any CPU
	EndGlobalSection
	GlobalSection(SolutionProperties) = preSolution
		HideSolutionNode = FALSE
	EndGlobalSection
	GlobalSection(ExtensibilityGlobals) = postSolution
		SolutionGuid = {022B39CE-7488-4BDC-847C-ADCA6DBFDEF9}
	EndGlobalSection
EndGlobal
