
Microsoft Visual Studio Solution File, Format Version 12.00
# Visual Studio Version 17
VisualStudioVersion = 17.5.33414.496
MinimumVisualStudioVersion = 10.0.40219.1
Project("{FAE04EC0-301F-11D3-BF4B-00C04F79EFBC}") = "DI.Lab2.Forms", "Лаба2Формы\DI.Lab2.Forms.csproj", "{BF05A255-6F5E-47C4-9BED-8436874E5B55}"
EndProject
Project("{9A19103F-16F7-4668-BE54-9A1E7A4F7556}") = "DI.Lab2.Base", "DI.Lab2.Base\DI.Lab2.Base.csproj", "{63870A2D-BC33-40E1-A48B-77A79F957773}"
EndProject
Project("{FAE04EC0-301F-11D3-BF4B-00C04F79EFBC}") = "DI.Lab2.Tests", "DI.Lab2.Tests\DI.Lab2.Tests.csproj", "{00E9FF1F-F3B9-4394-8DA1-E5AF8BC4E3B0}"
EndProject
Global
	GlobalSection(SolutionConfigurationPlatforms) = preSolution
		Debug|Any CPU = Debug|Any CPU
		Release|Any CPU = Release|Any CPU
	EndGlobalSection
	GlobalSection(ProjectConfigurationPlatforms) = postSolution
		{BF05A255-6F5E-47C4-9BED-8436874E5B55}.Debug|Any CPU.ActiveCfg = Debug|Any CPU
		{BF05A255-6F5E-47C4-9BED-8436874E5B55}.Debug|Any CPU.Build.0 = Debug|Any CPU
		{BF05A255-6F5E-47C4-9BED-8436874E5B55}.Release|Any CPU.ActiveCfg = Release|Any CPU
		{BF05A255-6F5E-47C4-9BED-8436874E5B55}.Release|Any CPU.Build.0 = Release|Any CPU
		{63870A2D-BC33-40E1-A48B-77A79F957773}.Debug|Any CPU.ActiveCfg = Debug|Any CPU
		{63870A2D-BC33-40E1-A48B-77A79F957773}.Debug|Any CPU.Build.0 = Debug|Any CPU
		{63870A2D-BC33-40E1-A48B-77A79F957773}.Release|Any CPU.ActiveCfg = Release|Any CPU
		{63870A2D-BC33-40E1-A48B-77A79F957773}.Release|Any CPU.Build.0 = Release|Any CPU
		{00E9FF1F-F3B9-4394-8DA1-E5AF8BC4E3B0}.Debug|Any CPU.ActiveCfg = Debug|Any CPU
		{00E9FF1F-F3B9-4394-8DA1-E5AF8BC4E3B0}.Debug|Any CPU.Build.0 = Debug|Any CPU
		{00E9FF1F-F3B9-4394-8DA1-E5AF8BC4E3B0}.Release|Any CPU.ActiveCfg = Release|Any CPU
		{00E9FF1F-F3B9-4394-8DA1-E5AF8BC4E3B0}.Release|Any CPU.Build.0 = Release|Any CPU
	EndGlobalSection
	GlobalSection(SolutionProperties) = preSolution
		HideSolutionNode = FALSE
	EndGlobalSection
	GlobalSection(ExtensibilityGlobals) = postSolution
		SolutionGuid = {A5FC7041-33DA-4AC5-A3CF-AD50F5621ACF}
	EndGlobalSection
EndGlobal
