
Microsoft Visual Studio Solution File, Format Version 12.00
# Visual Studio Version 17
VisualStudioVersion = 17.5.33414.496
MinimumVisualStudioVersion = 10.0.40219.1
Project("{FAE04EC0-301F-11D3-BF4B-00C04F79EFBC}") = "DI.Lab1.Code", "DI.Lab1.Code\DI.Lab1.Code.csproj", "{E68A122E-B9FB-40D3-AE06-F9F18EBDF020}"
EndProject
Project("{FAE04EC0-301F-11D3-BF4B-00C04F79EFBC}") = "DI.Lab1.Tests", "DI.Lab1.Tests\DI.Lab1.Tests.csproj", "{829DF37A-54E2-4CEE-A75F-8754909F3387}"
	ProjectSection(ProjectDependencies) = postProject
		{E68A122E-B9FB-40D3-AE06-F9F18EBDF020} = {E68A122E-B9FB-40D3-AE06-F9F18EBDF020}
	EndProjectSection
EndProject
Global
	GlobalSection(SolutionConfigurationPlatforms) = preSolution
		Debug|Any CPU = Debug|Any CPU
		Release|Any CPU = Release|Any CPU
	EndGlobalSection
	GlobalSection(ProjectConfigurationPlatforms) = postSolution
		{E68A122E-B9FB-40D3-AE06-F9F18EBDF020}.Debug|Any CPU.ActiveCfg = Debug|Any CPU
		{E68A122E-B9FB-40D3-AE06-F9F18EBDF020}.Debug|Any CPU.Build.0 = Debug|Any CPU
		{E68A122E-B9FB-40D3-AE06-F9F18EBDF020}.Release|Any CPU.ActiveCfg = Release|Any CPU
		{E68A122E-B9FB-40D3-AE06-F9F18EBDF020}.Release|Any CPU.Build.0 = Release|Any CPU
		{829DF37A-54E2-4CEE-A75F-8754909F3387}.Debug|Any CPU.ActiveCfg = Debug|Any CPU
		{829DF37A-54E2-4CEE-A75F-8754909F3387}.Debug|Any CPU.Build.0 = Debug|Any CPU
		{829DF37A-54E2-4CEE-A75F-8754909F3387}.Release|Any CPU.ActiveCfg = Release|Any CPU
		{829DF37A-54E2-4CEE-A75F-8754909F3387}.Release|Any CPU.Build.0 = Release|Any CPU
	EndGlobalSection
	GlobalSection(SolutionProperties) = preSolution
		HideSolutionNode = FALSE
	EndGlobalSection
	GlobalSection(ExtensibilityGlobals) = postSolution
		SolutionGuid = {9F8B487B-7E86-4D5E-B6A0-D73A2C9D65D5}
	EndGlobalSection
EndGlobal
